
Microsoft Visual Studio Solution File, Format Version 12.00
# Visual Studio Version 17
VisualStudioVersion = 17.4.33213.308
MinimumVisualStudioVersion = 10.0.40219.1
Project("{FAE04EC0-301F-11D3-BF4B-00C04F79EFBC}") = "Otel.UI", "Otel.UI\Otel.UI.csproj", "{F0B3091D-B8DF-40FC-B18D-6DD789F200A7}"
EndProject
Global
	GlobalSection(SolutionConfigurationPlatforms) = preSolution
		Debug|Any CPU = Debug|Any CPU
		Release|Any CPU = Release|Any CPU
	EndGlobalSection
	GlobalSection(ProjectConfigurationPlatforms) = postSolution
		{F0B3091D-B8DF-40FC-B18D-6DD789F200A7}.Debug|Any CPU.ActiveCfg = Debug|Any CPU
		{F0B3091D-B8DF-40FC-B18D-6DD789F200A7}.Debug|Any CPU.Build.0 = Debug|Any CPU
		{F0B3091D-B8DF-40FC-B18D-6DD789F200A7}.Release|Any CPU.ActiveCfg = Release|Any CPU
		{F0B3091D-B8DF-40FC-B18D-6DD789F200A7}.Release|Any CPU.Build.0 = Release|Any CPU
	EndGlobalSection
	GlobalSection(SolutionProperties) = preSolution
		HideSolutionNode = FALSE
	EndGlobalSection
	GlobalSection(ExtensibilityGlobals) = postSolution
		SolutionGuid = {E042B761-E93F-48F6-B525-2A547B66B3AC}
	EndGlobalSection
EndGlobal
